
Microsoft Visual Studio Solution File, Format Version 12.00
Project("{FAE04EC0-301F-11D3-BF4B-00C04F79EFBC}") = "OpenClosedPrinciple", "OpenClosedPrinciple\OpenClosedPrinciple.csproj", "{0DCC1ECF-7A61-46F1-BDE3-11FC5147FBE6}"
EndProject
Project("{FAE04EC0-301F-11D3-BF4B-00C04F79EFBC}") = "LSP", "LSP\LSP.csproj", "{BE712BEC-EE22-4FF0-AF02-ADEFD851E00F}"
EndProject
Global
	GlobalSection(SolutionConfigurationPlatforms) = preSolution
		Debug|Any CPU = Debug|Any CPU
		Release|Any CPU = Release|Any CPU
	EndGlobalSection
	GlobalSection(ProjectConfigurationPlatforms) = postSolution
		{0DCC1ECF-7A61-46F1-BDE3-11FC5147FBE6}.Debug|Any CPU.ActiveCfg = Debug|Any CPU
		{0DCC1ECF-7A61-46F1-BDE3-11FC5147FBE6}.Debug|Any CPU.Build.0 = Debug|Any CPU
		{0DCC1ECF-7A61-46F1-BDE3-11FC5147FBE6}.Release|Any CPU.ActiveCfg = Release|Any CPU
		{0DCC1ECF-7A61-46F1-BDE3-11FC5147FBE6}.Release|Any CPU.Build.0 = Release|Any CPU
		{BE712BEC-EE22-4FF0-AF02-ADEFD851E00F}.Debug|Any CPU.ActiveCfg = Debug|Any CPU
		{BE712BEC-EE22-4FF0-AF02-ADEFD851E00F}.Debug|Any CPU.Build.0 = Debug|Any CPU
		{BE712BEC-EE22-4FF0-AF02-ADEFD851E00F}.Release|Any CPU.ActiveCfg = Release|Any CPU
		{BE712BEC-EE22-4FF0-AF02-ADEFD851E00F}.Release|Any CPU.Build.0 = Release|Any CPU
	EndGlobalSection
EndGlobal
